
Microsoft Visual Studio Solution File, Format Version 12.00
# Visual Studio 2013
VisualStudioVersion = 12.0.31101.0
MinimumVisualStudioVersion = 10.0.40219.1
Project("{FAE04EC0-301F-11D3-BF4B-00C04F79EFBC}") = "PartyUp", "PartyUp\PartyUp.csproj", "{07D2B10F-018D-4DE9-A307-A42886FEBB8E}"
EndProject
Project("{FAE04EC0-301F-11D3-BF4B-00C04F79EFBC}") = "PartyUp.Data", "PartyUp.Data\PartyUp.Data.csproj", "{C1142DE2-F59C-438D-92ED-9C4FB97FF9C9}"
EndProject
Project("{FAE04EC0-301F-11D3-BF4B-00C04F79EFBC}") = "PartyUp.Models", "PartyUp.Models\PartyUp.Models.csproj", "{42268D74-4ABD-4601-B671-C62594F59A53}"
EndProject
Global
	GlobalSection(SolutionConfigurationPlatforms) = preSolution
		Debug|Any CPU = Debug|Any CPU
		Release|Any CPU = Release|Any CPU
	EndGlobalSection
	GlobalSection(ProjectConfigurationPlatforms) = postSolution
		{07D2B10F-018D-4DE9-A307-A42886FEBB8E}.Debug|Any CPU.ActiveCfg = Debug|Any CPU
		{07D2B10F-018D-4DE9-A307-A42886FEBB8E}.Debug|Any CPU.Build.0 = Debug|Any CPU
		{07D2B10F-018D-4DE9-A307-A42886FEBB8E}.Release|Any CPU.ActiveCfg = Release|Any CPU
		{07D2B10F-018D-4DE9-A307-A42886FEBB8E}.Release|Any CPU.Build.0 = Release|Any CPU
		{C1142DE2-F59C-438D-92ED-9C4FB97FF9C9}.Debug|Any CPU.ActiveCfg = Debug|Any CPU
		{C1142DE2-F59C-438D-92ED-9C4FB97FF9C9}.Debug|Any CPU.Build.0 = Debug|Any CPU
		{C1142DE2-F59C-438D-92ED-9C4FB97FF9C9}.Release|Any CPU.ActiveCfg = Release|Any CPU
		{C1142DE2-F59C-438D-92ED-9C4FB97FF9C9}.Release|Any CPU.Build.0 = Release|Any CPU
		{42268D74-4ABD-4601-B671-C62594F59A53}.Debug|Any CPU.ActiveCfg = Debug|Any CPU
		{42268D74-4ABD-4601-B671-C62594F59A53}.Debug|Any CPU.Build.0 = Debug|Any CPU
		{42268D74-4ABD-4601-B671-C62594F59A53}.Release|Any CPU.ActiveCfg = Release|Any CPU
		{42268D74-4ABD-4601-B671-C62594F59A53}.Release|Any CPU.Build.0 = Release|Any CPU
	EndGlobalSection
	GlobalSection(SolutionProperties) = preSolution
		HideSolutionNode = FALSE
	EndGlobalSection
EndGlobal
